PODS:
  - FSCalendar (2.8.1)
  - R.swift (5.1.0):
    - R.swift.Library (~> 5.1.0)
  - R.swift.Library (5.1.0)

DEPENDENCIES:
  - FSCalendar
  - R.swift

SPEC REPOS:
  trunk:
    - FSCalendar
    - R.swift
    - R.swift.Library

SPEC CHECKSUMS:
  FSCalendar: 5245140456fcbcac5824c203b98bd8068bdfee1a
  R.swift: 8cbc4fc69b740305b6a17c8a8ed968eb788962d9
  R.swift.Library: fa85ce1e0d0b7e818cd9e080df910ba54d2776cc

PODFILE CHECKSUM: 1459aa773853cfbf69ae825303861809adc64383

COCOAPODS: 1.8.4
