PODS:
  - FSCalendar (2.8.0)
  - R.swift (5.0.3):
    - R.swift.Library (~> 5.0.0)
  - R.swift.Library (5.0.1)

DEPENDENCIES:
  - FSCalendar
  - R.swift

SPEC REPOS:
  https://github.com/CocoaPods/Specs.git:
    - FSCalendar
    - R.swift
    - R.swift.Library

SPEC CHECKSUMS:
  FSCalendar: 3a5ed3636e2ba1b83ebebfcf0c2603105a6f5efe
  R.swift: f5a87643b91ea569d23d6afb3eee9c743edde239
  R.swift.Library: cfe85d569d9bae6cb262922db130e7c3a7a5fad1

PODFILE CHECKSUM: 1459aa773853cfbf69ae825303861809adc64383

COCOAPODS: 1.8.4
