// !$*UTF8*$!
{
	archiveVersion = 1;
	classes = {
	};
	objectVersion = 48;
	objects = {

/* Begin PBXBuildFile section */
		4344DFC1221607D44305A628 /* libPods-Diary.a in Frameworks */ = {isa = PBXBuildFile; fileRef = 8AE99855F8447D59B2A5760A /* libPods-Diary.a */; };
		F31B6AB420D82A64004086AB /* SettingsViewController.swift in Sources */ = {isa = PBXBuildFile; fileRef = F31B6AB320D82A64004086AB /* SettingsViewController.swift */; };
		F31BB5081F8485D1000261A1 /* AppDelegate.swift in Sources */ = {isa = PBXBuildFile; fileRef = F31BB5071F8485D1000261A1 /* AppDelegate.swift */; };
		F31BB50D1F8485D1000261A1 /* Main.storyboard in Resources */ = {isa = PBXBuildFile; fileRef = F31BB50B1F8485D1000261A1 /* Main.storyboard */; };
		F31BB50F1F8485D1000261A1 /* Assets.xcassets in Resources */ = {isa = PBXBuildFile; fileRef = F31BB50E1F8485D1000261A1 /* Assets.xcassets */; };
		F31BB5121F8485D1000261A1 /* LaunchScreen.storyboard in Resources */ = {isa = PBXBuildFile; fileRef = F31BB5101F8485D1000261A1 /* LaunchScreen.storyboard */; };
		F3294F3520D90A74002EE9BD /* Settings.storyboard in Resources */ = {isa = PBXBuildFile; fileRef = F3294F3720D90A74002EE9BD /* Settings.storyboard */; };
		F343134220CF18EF00A3235B /* CoreDataNotesStorage.swift in Sources */ = {isa = PBXBuildFile; fileRef = F343134120CF18EF00A3235B /* CoreDataNotesStorage.swift */; };
		F343134520CF1AF900A3235B /* Diary.xcdatamodeld in Sources */ = {isa = PBXBuildFile; fileRef = F343134320CF1AF900A3235B /* Diary.xcdatamodeld */; };
		F34504E720D65D3C007479B8 /* Result.swift in Sources */ = {isa = PBXBuildFile; fileRef = F34504E620D65D3C007479B8 /* Result.swift */; };
		F34C4C08205D533400470AFE /* MainViewController.swift in Sources */ = {isa = PBXBuildFile; fileRef = F34C4C07205D533400470AFE /* MainViewController.swift */; };
		F34C4C0A205D553600470AFE /* CalendarViewController.swift in Sources */ = {isa = PBXBuildFile; fileRef = F34C4C09205D553600470AFE /* CalendarViewController.swift */; };
		F34CDB4B209EE3DF00E457A1 /* FirebaseAuthService.swift in Sources */ = {isa = PBXBuildFile; fileRef = F34CDB4A209EE3DF00E457A1 /* FirebaseAuthService.swift */; };
		F34DCBFB21443323000A26FA /* GoogleService-Info.plist in Resources */ = {isa = PBXBuildFile; fileRef = F34DCBFA21443323000A26FA /* GoogleService-Info.plist */; };
		F355AEB72030DC7E00CED9BE /* UIViewController+Keyboard.swift in Sources */ = {isa = PBXBuildFile; fileRef = F355AEB62030DC7E00CED9BE /* UIViewController+Keyboard.swift */; };
		F355AEB92030DCD000CED9BE /* UIViewController+Alert.swift in Sources */ = {isa = PBXBuildFile; fileRef = F355AEB82030DCD000CED9BE /* UIViewController+Alert.swift */; };
		F36B2B7C20D7E9D3005C309D /* Localizable.strings in Resources */ = {isa = PBXBuildFile; fileRef = F36B2B7E20D7E9D3005C309D /* Localizable.strings */; };
		F36E96AA205C7442004AA16E /* NoteDetailsViewController.swift in Sources */ = {isa = PBXBuildFile; fileRef = F36E96A9205C7442004AA16E /* NoteDetailsViewController.swift */; };
		F3AB38F220C3EC2600732039 /* UserPreferencesStorage.swift in Sources */ = {isa = PBXBuildFile; fileRef = F3AB38F120C3EC2600732039 /* UserPreferencesStorage.swift */; };
		F3BBD3B8202E5C2C00E65BEF /* NoteEditingViewController.swift in Sources */ = {isa = PBXBuildFile; fileRef = F3BBD3B7202E5C2C00E65BEF /* NoteEditingViewController.swift */; };
		F3C0C206214328CF00F7C344 /* R.generated.swift in Sources */ = {isa = PBXBuildFile; fileRef = F3C0C205214328CF00F7C344 /* R.generated.swift */; };
		F3C9BF632042ECD600D58192 /* NoteService.swift in Sources */ = {isa = PBXBuildFile; fileRef = F3C9BF622042ECD600D58192 /* NoteService.swift */; };
		F3C9BF692042EDA600D58192 /* Note.swift in Sources */ = {isa = PBXBuildFile; fileRef = F3C9BF682042EDA600D58192 /* Note.swift */; };
		F3C9BF6B2042EF9A00D58192 /* NetworkClient.swift in Sources */ = {isa = PBXBuildFile; fileRef = F3C9BF6A2042EF9A00D58192 /* NetworkClient.swift */; };
		F3C9BF6D2042EFB100D58192 /* INotesStorage.swift in Sources */ = {isa = PBXBuildFile; fileRef = F3C9BF6C2042EFB100D58192 /* INotesStorage.swift */; };
		F3CBC6E42165260100D7C7A5 /* CreateNoteResponse.swift in Sources */ = {isa = PBXBuildFile; fileRef = F3CBC6E32165260100D7C7A5 /* CreateNoteResponse.swift */; };
		F3CBC6E721674F4000D7C7A5 /* ImageResponse.swift in Sources */ = {isa = PBXBuildFile; fileRef = F3CBC6E621674F4000D7C7A5 /* ImageResponse.swift */; };
		F3CBC6EB216A437900D7C7A5 /* MemoImage.swift in Sources */ = {isa = PBXBuildFile; fileRef = F3CBC6EA216A437900D7C7A5 /* MemoImage.swift */; };
		F3CCDD8320A870160059F37F /* AuthorizedNoteServiceFacade.swift in Sources */ = {isa = PBXBuildFile; fileRef = F3CCDD8220A870160059F37F /* AuthorizedNoteServiceFacade.swift */; };
		F3D34C322030C2EE0096D8AC /* MoodControl.swift in Sources */ = {isa = PBXBuildFile; fileRef = F3D34C312030C2EE0096D8AC /* MoodControl.swift */; };
		F3F10201205574430052701E /* AppFactory.swift in Sources */ = {isa = PBXBuildFile; fileRef = F3F10200205574430052701E /* AppFactory.swift */; };
		F3F10209205596360052701E /* DatePickerViewController.swift in Sources */ = {isa = PBXBuildFile; fileRef = F3F10208205596360052701E /* DatePickerViewController.swift */; };
		F3F13E9D20A8C58000FC6A34 /* URLRequestFactory.swift in Sources */ = {isa = PBXBuildFile; fileRef = F3F13E9C20A8C58000FC6A34 /* URLRequestFactory.swift */; };
		F3F825C520B98FA000173855 /* ServerTimeResponse.swift in Sources */ = {isa = PBXBuildFile; fileRef = F3F825C420B98FA000173855 /* ServerTimeResponse.swift */; };
		F3F825C720B996F400173855 /* NotesResponse.swift in Sources */ = {isa = PBXBuildFile; fileRef = F3F825C620B996F400173855 /* NotesResponse.swift */; };
		F3FF97581F848B0400350881 /* NotesListViewController.swift in Sources */ = {isa = PBXBuildFile; fileRef = F3FF97571F848B0400350881 /* NotesListViewController.swift */; };
		F3FF975C1F848DF800350881 /* NoteTableViewCell.swift in Sources */ = {isa = PBXBuildFile; fileRef = F3FF975B1F848DF800350881 /* NoteTableViewCell.swift */; };
		F3FF975E1F850DED00350881 /* AuthViewController.swift in Sources */ = {isa = PBXBuildFile; fileRef = F3FF975D1F850DEC00350881 /* AuthViewController.swift */; };
/* End PBXBuildFile section */

/* Begin PBXFileReference section */
		8AE99855F8447D59B2A5760A /* libPods-Diary.a */ = {isa = PBXFileReference; explicitFileType = archive.ar; includeInIndex = 0; path = "libPods-Diary.a"; sourceTree = BUILT_PRODUCTS_DIR; };
		A6842E68EC2EF69F607F04DF /* Pods-Diary.debug.xcconfig */ = {isa = PBXFileReference; includeInIndex = 1; lastKnownFileType = text.xcconfig; name = "Pods-Diary.debug.xcconfig"; path = "Pods/Target Support Files/Pods-Diary/Pods-Diary.debug.xcconfig"; sourceTree = "<group>"; };
		EBA339F7F28FCC9A59C64032 /* Pods-Diary.release.xcconfig */ = {isa = PBXFileReference; includeInIndex = 1; lastKnownFileType = text.xcconfig; name = "Pods-Diary.release.xcconfig"; path = "Pods/Target Support Files/Pods-Diary/Pods-Diary.release.xcconfig"; sourceTree = "<group>"; };
		F31B6AB320D82A64004086AB /* SettingsViewController.swift */ = {isa = PBXFileReference; lastKnownFileType = sourcecode.swift; path = SettingsViewController.swift; sourceTree = "<group>"; };
		F31BB5041F8485D1000261A1 /* Diary.app */ = {isa = PBXFileReference; explicitFileType = wrapper.application; includeInIndex = 0; path = Diary.app; sourceTree = BUILT_PRODUCTS_DIR; };
		F31BB5071F8485D1000261A1 /* AppDelegate.swift */ = {isa = PBXFileReference; lastKnownFileType = sourcecode.swift; path = AppDelegate.swift; sourceTree = "<group>"; };
		F31BB50C1F8485D1000261A1 /* Base */ = {isa = PBXFileReference; lastKnownFileType = file.storyboard; name = Base; path = Base.lproj/Main.storyboard; sourceTree = "<group>"; };
		F31BB50E1F8485D1000261A1 /* Assets.xcassets */ = {isa = PBXFileReference; lastKnownFileType = folder.assetcatalog; path = Assets.xcassets; sourceTree = "<group>"; };
		F31BB5111F8485D1000261A1 /* Base */ = {isa = PBXFileReference; lastKnownFileType = file.storyboard; name = Base; path = Base.lproj/LaunchScreen.storyboard; sourceTree = "<group>"; };
		F31BB5131F8485D1000261A1 /* Info.plist */ = {isa = PBXFileReference; lastKnownFileType = text.plist.xml; path = Info.plist; sourceTree = "<group>"; };
		F3294F3420D90962002EE9BD /* ru */ = {isa = PBXFileReference; lastKnownFileType = text.plist.strings; name = ru; path = ru.lproj/Main.strings; sourceTree = "<group>"; };
		F3294F3820D90A82002EE9BD /* Base */ = {isa = PBXFileReference; lastKnownFileType = file.storyboard; name = Base; path = Base.lproj/Settings.storyboard; sourceTree = "<group>"; };
		F3294F3B20D951B0002EE9BD /* ru */ = {isa = PBXFileReference; lastKnownFileType = text.plist.strings; name = ru; path = ru.lproj/Settings.strings; sourceTree = "<group>"; };
		F343134120CF18EF00A3235B /* CoreDataNotesStorage.swift */ = {isa = PBXFileReference; lastKnownFileType = sourcecode.swift; path = CoreDataNotesStorage.swift; sourceTree = "<group>"; };
		F343134420CF1AF900A3235B /* Diary.xcdatamodel */ = {isa = PBXFileReference; lastKnownFileType = wrapper.xcdatamodel; path = Diary.xcdatamodel; sourceTree = "<group>"; };
		F34504E620D65D3C007479B8 /* Result.swift */ = {isa = PBXFileReference; lastKnownFileType = sourcecode.swift; path = Result.swift; sourceTree = "<group>"; };
		F34C4C07205D533400470AFE /* MainViewController.swift */ = {isa = PBXFileReference; lastKnownFileType = sourcecode.swift; path = MainViewController.swift; sourceTree = "<group>"; };
		F34C4C09205D553600470AFE /* CalendarViewController.swift */ = {isa = PBXFileReference; lastKnownFileType = sourcecode.swift; path = CalendarViewController.swift; sourceTree = "<group>"; };
		F34CDB4A209EE3DF00E457A1 /* FirebaseAuthService.swift */ = {isa = PBXFileReference; lastKnownFileType = sourcecode.swift; path = FirebaseAuthService.swift; sourceTree = "<group>"; };
		F34DCBFA21443323000A26FA /* GoogleService-Info.plist */ = {isa = PBXFileReference; fileEncoding = 4; lastKnownFileType = text.plist.xml; path = "GoogleService-Info.plist"; sourceTree = "<group>"; };
		F355AEB62030DC7E00CED9BE /* UIViewController+Keyboard.swift */ = {isa = PBXFileReference; lastKnownFileType = sourcecode.swift; path = "UIViewController+Keyboard.swift"; sourceTree = "<group>"; };
		F355AEB82030DCD000CED9BE /* UIViewController+Alert.swift */ = {isa = PBXFileReference; lastKnownFileType = sourcecode.swift; path = "UIViewController+Alert.swift"; sourceTree = "<group>"; };
		F36B2B7F20D7E9D6005C309D /* ru */ = {isa = PBXFileReference; lastKnownFileType = text.plist.strings; name = ru; path = ru.lproj/Localizable.strings; sourceTree = "<group>"; };
		F36B2B8020D7EA0D005C309D /* Base */ = {isa = PBXFileReference; lastKnownFileType = text.plist.strings; name = Base; path = Base.lproj/Localizable.strings; sourceTree = "<group>"; };
		F36E96A9205C7442004AA16E /* NoteDetailsViewController.swift */ = {isa = PBXFileReference; lastKnownFileType = sourcecode.swift; path = NoteDetailsViewController.swift; sourceTree = "<group>"; };
		F3AB38F120C3EC2600732039 /* UserPreferencesStorage.swift */ = {isa = PBXFileReference; lastKnownFileType = sourcecode.swift; path = UserPreferencesStorage.swift; sourceTree = "<group>"; };
		F3BBD3B7202E5C2C00E65BEF /* NoteEditingViewController.swift */ = {isa = PBXFileReference; lastKnownFileType = sourcecode.swift; path = NoteEditingViewController.swift; sourceTree = "<group>"; };
		F3C0C205214328CF00F7C344 /* R.generated.swift */ = {isa = PBXFileReference; fileEncoding = 4; lastKnownFileType = sourcecode.swift; path = R.generated.swift; sourceTree = "<group>"; };
		F3C9BF622042ECD600D58192 /* NoteService.swift */ = {isa = PBXFileReference; lastKnownFileType = sourcecode.swift; path = NoteService.swift; sourceTree = "<group>"; };
		F3C9BF682042EDA600D58192 /* Note.swift */ = {isa = PBXFileReference; lastKnownFileType = sourcecode.swift; path = Note.swift; sourceTree = "<group>"; };
		F3C9BF6A2042EF9A00D58192 /* NetworkClient.swift */ = {isa = PBXFileReference; lastKnownFileType = sourcecode.swift; path = NetworkClient.swift; sourceTree = "<group>"; };
		F3C9BF6C2042EFB100D58192 /* INotesStorage.swift */ = {isa = PBXFileReference; lastKnownFileType = sourcecode.swift; path = INotesStorage.swift; sourceTree = "<group>"; };
		F3CBC6E32165260100D7C7A5 /* CreateNoteResponse.swift */ = {isa = PBXFileReference; lastKnownFileType = sourcecode.swift; path = CreateNoteResponse.swift; sourceTree = "<group>"; };
		F3CBC6E621674F4000D7C7A5 /* ImageResponse.swift */ = {isa = PBXFileReference; lastKnownFileType = sourcecode.swift; path = ImageResponse.swift; sourceTree = "<group>"; };
		F3CBC6EA216A437900D7C7A5 /* MemoImage.swift */ = {isa = PBXFileReference; lastKnownFileType = sourcecode.swift; path = MemoImage.swift; sourceTree = "<group>"; };
		F3CCDD8220A870160059F37F /* AuthorizedNoteServiceFacade.swift */ = {isa = PBXFileReference; lastKnownFileType = sourcecode.swift; path = AuthorizedNoteServiceFacade.swift; sourceTree = "<group>"; };
		F3D34C312030C2EE0096D8AC /* MoodControl.swift */ = {isa = PBXFileReference; lastKnownFileType = sourcecode.swift; path = MoodControl.swift; sourceTree = "<group>"; };
		F3F10200205574430052701E /* AppFactory.swift */ = {isa = PBXFileReference; lastKnownFileType = sourcecode.swift; path = AppFactory.swift; sourceTree = "<group>"; };
		F3F10208205596360052701E /* DatePickerViewController.swift */ = {isa = PBXFileReference; lastKnownFileType = sourcecode.swift; path = DatePickerViewController.swift; sourceTree = "<group>"; };
		F3F13E9C20A8C58000FC6A34 /* URLRequestFactory.swift */ = {isa = PBXFileReference; lastKnownFileType = sourcecode.swift; path = URLRequestFactory.swift; sourceTree = "<group>"; };
		F3F825C420B98FA000173855 /* ServerTimeResponse.swift */ = {isa = PBXFileReference; lastKnownFileType = sourcecode.swift; path = ServerTimeResponse.swift; sourceTree = "<group>"; };
		F3F825C620B996F400173855 /* NotesResponse.swift */ = {isa = PBXFileReference; lastKnownFileType = sourcecode.swift; path = NotesResponse.swift; sourceTree = "<group>"; };
		F3FF97571F848B0400350881 /* NotesListViewController.swift */ = {isa = PBXFileReference; lastKnownFileType = sourcecode.swift; path = NotesListViewController.swift; sourceTree = "<group>"; };
		F3FF975B1F848DF800350881 /* NoteTableViewCell.swift */ = {isa = PBXFileReference; lastKnownFileType = sourcecode.swift; path = NoteTableViewCell.swift; sourceTree = "<group>"; };
		F3FF975D1F850DEC00350881 /* AuthViewController.swift */ = {isa = PBXFileReference; lastKnownFileType = sourcecode.swift; path = AuthViewController.swift; sourceTree = "<group>"; };
/* End PBXFileReference section */

/* Begin PBXFrameworksBuildPhase section */
		F31BB5011F8485D1000261A1 /* Frameworks */ = {
			isa = PBXFrameworksBuildPhase;
			buildActionMask = 2147483647;
			files = (
				4344DFC1221607D44305A628 /* libPods-Diary.a in Frameworks */,
			);
			runOnlyForDeploymentPostprocessing = 0;
		};
/* End PBXFrameworksBuildPhase section */

/* Begin PBXGroup section */
		161F6D1C4FB2F96C1835B563 /* Frameworks */ = {
			isa = PBXGroup;
			children = (
				8AE99855F8447D59B2A5760A /* libPods-Diary.a */,
			);
			name = Frameworks;
			sourceTree = "<group>";
		};
		664F52AFE77CD21EE049328C /* Pods */ = {
			isa = PBXGroup;
			children = (
				A6842E68EC2EF69F607F04DF /* Pods-Diary.debug.xcconfig */,
				EBA339F7F28FCC9A59C64032 /* Pods-Diary.release.xcconfig */,
			);
			name = Pods;
			sourceTree = "<group>";
		};
		F31B6AB220D82A41004086AB /* Settings */ = {
			isa = PBXGroup;
			children = (
				F3294F3720D90A74002EE9BD /* Settings.storyboard */,
				F31B6AB320D82A64004086AB /* SettingsViewController.swift */,
			);
			path = Settings;
			sourceTree = "<group>";
		};
		F31BB4FB1F8485D1000261A1 = {
			isa = PBXGroup;
			children = (
				F3C0C205214328CF00F7C344 /* R.generated.swift */,
				F31BB5061F8485D1000261A1 /* Diary */,
				F31BB5051F8485D1000261A1 /* Products */,
				664F52AFE77CD21EE049328C /* Pods */,
				161F6D1C4FB2F96C1835B563 /* Frameworks */,
			);
			sourceTree = "<group>";
		};
		F31BB5051F8485D1000261A1 /* Products */ = {
			isa = PBXGroup;
			children = (
				F31BB5041F8485D1000261A1 /* Diary.app */,
			);
			name = Products;
			sourceTree = "<group>";
		};
		F31BB5061F8485D1000261A1 /* Diary */ = {
			isa = PBXGroup;
			children = (
				F34DCBFA21443323000A26FA /* GoogleService-Info.plist */,
				F31BB5131F8485D1000261A1 /* Info.plist */,
				F31BB50E1F8485D1000261A1 /* Assets.xcassets */,
				F3F10200205574430052701E /* AppFactory.swift */,
				F31BB5071F8485D1000261A1 /* AppDelegate.swift */,
				F3F101F620555CF70052701E /* Presentation */,
				F3F101F720555CFE0052701E /* Service */,
				F3F101F820555D040052701E /* Core */,
				F34504E620D65D3C007479B8 /* Result.swift */,
			);
			path = Diary;
			sourceTree = "<group>";
		};
		F34C4C0B205D554A00470AFE /* Calendar */ = {
			isa = PBXGroup;
			children = (
				F34C4C09205D553600470AFE /* CalendarViewController.swift */,
			);
			path = Calendar;
			sourceTree = "<group>";
		};
		F36E96A8205C72E8004AA16E /* NoteDetails */ = {
			isa = PBXGroup;
			children = (
				F36E96A9205C7442004AA16E /* NoteDetailsViewController.swift */,
			);
			path = NoteDetails;
			sourceTree = "<group>";
		};
		F3AEC3BB20AA112C0094DC49 /* Main */ = {
			isa = PBXGroup;
			children = (
				F34C4C07205D533400470AFE /* MainViewController.swift */,
			);
			path = Main;
			sourceTree = "<group>";
		};
		F3AEC3CA20AC5C250094DC49 /* Auth */ = {
			isa = PBXGroup;
			children = (
				F3FF975D1F850DEC00350881 /* AuthViewController.swift */,
			);
			path = Auth;
			sourceTree = "<group>";
		};
		F3CBC6E521674F0F00D7C7A5 /* Response */ = {
			isa = PBXGroup;
			children = (
				F3F825C620B996F400173855 /* NotesResponse.swift */,
				F3F825C420B98FA000173855 /* ServerTimeResponse.swift */,
				F3CBC6E32165260100D7C7A5 /* CreateNoteResponse.swift */,
				F3CBC6E621674F4000D7C7A5 /* ImageResponse.swift */,
			);
			path = Response;
			sourceTree = "<group>";
		};
		F3F101F620555CF70052701E /* Presentation */ = {
			isa = PBXGroup;
			children = (
				F31BB50B1F8485D1000261A1 /* Main.storyboard */,
				F31BB5101F8485D1000261A1 /* LaunchScreen.storyboard */,
				F36B2B7E20D7E9D3005C309D /* Localizable.strings */,
				F31B6AB220D82A41004086AB /* Settings */,
				F3AEC3CA20AC5C250094DC49 /* Auth */,
				F3AEC3BB20AA112C0094DC49 /* Main */,
				F3F101FB20555D7E0052701E /* NotesList */,
				F34C4C0B205D554A00470AFE /* Calendar */,
				F36E96A8205C72E8004AA16E /* NoteDetails */,
				F3F101FC20555D8D0052701E /* NoteEditing */,
				F355AEB62030DC7E00CED9BE /* UIViewController+Keyboard.swift */,
				F355AEB82030DCD000CED9BE /* UIViewController+Alert.swift */,
			);
			path = Presentation;
			sourceTree = "<group>";
		};
		F3F101F720555CFE0052701E /* Service */ = {
			isa = PBXGroup;
			children = (
				F3C9BF622042ECD600D58192 /* NoteService.swift */,
				F3CCDD8220A870160059F37F /* AuthorizedNoteServiceFacade.swift */,
				F34CDB4A209EE3DF00E457A1 /* FirebaseAuthService.swift */,
			);
			path = Service;
			sourceTree = "<group>";
		};
		F3F101F820555D040052701E /* Core */ = {
			isa = PBXGroup;
			children = (
				F3C9BF682042EDA600D58192 /* Note.swift */,
				F3CBC6EA216A437900D7C7A5 /* MemoImage.swift */,
				F3F101FA20555D280052701E /* Storage */,
				F3F101F920555D210052701E /* API */,
			);
			path = Core;
			sourceTree = "<group>";
		};
		F3F101F920555D210052701E /* API */ = {
			isa = PBXGroup;
			children = (
				F3CBC6E521674F0F00D7C7A5 /* Response */,
				F3F13E9C20A8C58000FC6A34 /* URLRequestFactory.swift */,
				F3C9BF6A2042EF9A00D58192 /* NetworkClient.swift */,
			);
			path = API;
			sourceTree = "<group>";
		};
		F3F101FA20555D280052701E /* Storage */ = {
			isa = PBXGroup;
			children = (
				F343134320CF1AF900A3235B /* Diary.xcdatamodeld */,
				F343134120CF18EF00A3235B /* CoreDataNotesStorage.swift */,
				F3C9BF6C2042EFB100D58192 /* INotesStorage.swift */,
				F3AB38F120C3EC2600732039 /* UserPreferencesStorage.swift */,
			);
			path = Storage;
			sourceTree = "<group>";
		};
		F3F101FB20555D7E0052701E /* NotesList */ = {
			isa = PBXGroup;
			children = (
				F3FF97571F848B0400350881 /* NotesListViewController.swift */,
				F3FF975B1F848DF800350881 /* NoteTableViewCell.swift */,
			);
			path = NotesList;
			sourceTree = "<group>";
		};
		F3F101FC20555D8D0052701E /* NoteEditing */ = {
			isa = PBXGroup;
			children = (
				F3BBD3B7202E5C2C00E65BEF /* NoteEditingViewController.swift */,
				F3F10208205596360052701E /* DatePickerViewController.swift */,
				F3D34C312030C2EE0096D8AC /* MoodControl.swift */,
			);
			path = NoteEditing;
			sourceTree = "<group>";
		};
/* End PBXGroup section */

/* Begin PBXNativeTarget section */
		F31BB5031F8485D1000261A1 /* Diary */ = {
			isa = PBXNativeTarget;
			buildConfigurationList = F31BB5161F8485D1000261A1 /* Build configuration list for PBXNativeTarget "Diary" */;
			buildPhases = (
				A859A0354A77EACC37301712 /* [CP] Check Pods Manifest.lock */,
				F3F101FD20556F1E0052701E /* R.Swift */,
				F31BB5001F8485D1000261A1 /* Sources */,
				F31BB5011F8485D1000261A1 /* Frameworks */,
				F31BB5021F8485D1000261A1 /* Resources */,
				26A8A5DE48D4C6FF7B170551 /* [CP] Embed Pods Frameworks */,
				5992E7513BF56679AE30C79D /* [CP] Copy Pods Resources */,
			);
			buildRules = (
			);
			dependencies = (
			);
			name = Diary;
			productName = Diary;
			productReference = F31BB5041F8485D1000261A1 /* Diary.app */;
			productType = "com.apple.product-type.application";
		};
/* End PBXNativeTarget section */

/* Begin PBXProject section */
		F31BB4FC1F8485D1000261A1 /* Project object */ = {
			isa = PBXProject;
			attributes = {
				LastSwiftUpdateCheck = 0900;
				LastUpgradeCheck = 0930;
				ORGANIZATIONNAME = "Vladimir Pavlov";
				TargetAttributes = {
					F31BB5031F8485D1000261A1 = {
						CreatedOnToolsVersion = 9.0;
						LastSwiftMigration = 1000;
						ProvisioningStyle = Automatic;
						SystemCapabilities = {
							com.apple.Keychain = {
								enabled = 0;
							};
						};
					};
				};
			};
			buildConfigurationList = F31BB4FF1F8485D1000261A1 /* Build configuration list for PBXProject "Diary" */;
			compatibilityVersion = "Xcode 8.0";
			developmentRegion = en;
			hasScannedForEncodings = 0;
			knownRegions = (
				en,
				Base,
				ru,
			);
			mainGroup = F31BB4FB1F8485D1000261A1;
			productRefGroup = F31BB5051F8485D1000261A1 /* Products */;
			projectDirPath = "";
			projectRoot = "";
			targets = (
				F31BB5031F8485D1000261A1 /* Diary */,
			);
		};
/* End PBXProject section */

/* Begin PBXResourcesBuildPhase section */
		F31BB5021F8485D1000261A1 /* Resources */ = {
			isa = PBXResourcesBuildPhase;
			buildActionMask = 2147483647;
			files = (
				F36B2B7C20D7E9D3005C309D /* Localizable.strings in Resources */,
				F31BB5121F8485D1000261A1 /* LaunchScreen.storyboard in Resources */,
				F3294F3520D90A74002EE9BD /* Settings.storyboard in Resources */,
				F31BB50F1F8485D1000261A1 /* Assets.xcassets in Resources */,
				F31BB50D1F8485D1000261A1 /* Main.storyboard in Resources */,
				F34DCBFB21443323000A26FA /* GoogleService-Info.plist in Resources */,
			);
			runOnlyForDeploymentPostprocessing = 0;
		};
/* End PBXResourcesBuildPhase section */

/* Begin PBXShellScriptBuildPhase section */
		26A8A5DE48D4C6FF7B170551 /* [CP] Embed Pods Frameworks */ = {
			isa = PBXShellScriptBuildPhase;
			buildActionMask = 2147483647;
			files = (
			);
			inputPaths = (
				"${PODS_ROOT}/Target Support Files/Pods-Diary/Pods-Diary-frameworks.sh",
				"${PODS_ROOT}/TwitterCore/iOS/TwitterCore.framework",
				"${PODS_ROOT}/TwitterKit/iOS/TwitterKit.framework",
			);
			name = "[CP] Embed Pods Frameworks";
			outputPaths = (
				"${TARGET_BUILD_DIR}/${FRAMEWORKS_FOLDER_PATH}/TwitterCore.framework",
				"${TARGET_BUILD_DIR}/${FRAMEWORKS_FOLDER_PATH}/TwitterKit.framework",
			);
			runOnlyForDeploymentPostprocessing = 0;
			shellPath = /bin/sh;
			shellScript = "\"${PODS_ROOT}/Target Support Files/Pods-Diary/Pods-Diary-frameworks.sh\"\n";
			showEnvVarsInLog = 0;
		};
		5992E7513BF56679AE30C79D /* [CP] Copy Pods Resources */ = {
			isa = PBXShellScriptBuildPhase;
			buildActionMask = 2147483647;
			files = (
			);
			inputPaths = (
				"${PODS_ROOT}/Target Support Files/Pods-Diary/Pods-Diary-resources.sh",
				"${PODS_ROOT}/FBSDKCoreKit/FacebookSDKStrings.bundle",
				"${PODS_CONFIGURATION_BUILD_DIR}/FirebaseUI/FirebaseAnonymousAuthUI.bundle",
				"${PODS_CONFIGURATION_BUILD_DIR}/FirebaseUI/FirebaseAuthUI.bundle",
				"${PODS_CONFIGURATION_BUILD_DIR}/FirebaseUI/FirebaseEmailAuthUI.bundle",
				"${PODS_CONFIGURATION_BUILD_DIR}/FirebaseUI/FirebaseFacebookAuthUI.bundle",
				"${PODS_CONFIGURATION_BUILD_DIR}/FirebaseUI/FirebaseGoogleAuthUI.bundle",
				"${PODS_CONFIGURATION_BUILD_DIR}/FirebaseUI/FirebasePhoneAuthUI.bundle",
				"${PODS_CONFIGURATION_BUILD_DIR}/FirebaseUI/FirebaseTwitterAuthUI.bundle",
				"${PODS_ROOT}/GoogleSignIn/Resources/GoogleSignIn.bundle",
				"${PODS_ROOT}/TwitterKit/iOS/TwitterKit.framework/TwitterKitResources.bundle",
				"${PODS_CONFIGURATION_BUILD_DIR}/gRPC-C++/gRPCCertificates.bundle",
			);
			name = "[CP] Copy Pods Resources";
			outputPaths = (
				"${TARGET_BUILD_DIR}/${UNLOCALIZED_RESOURCES_FOLDER_PATH}/FacebookSDKStrings.bundle",
				"${TARGET_BUILD_DIR}/${UNLOCALIZED_RESOURCES_FOLDER_PATH}/FirebaseAnonymousAuthUI.bundle",
				"${TARGET_BUILD_DIR}/${UNLOCALIZED_RESOURCES_FOLDER_PATH}/FirebaseAuthUI.bundle",
				"${TARGET_BUILD_DIR}/${UNLOCALIZED_RESOURCES_FOLDER_PATH}/FirebaseEmailAuthUI.bundle",
				"${TARGET_BUILD_DIR}/${UNLOCALIZED_RESOURCES_FOLDER_PATH}/FirebaseFacebookAuthUI.bundle",
				"${TARGET_BUILD_DIR}/${UNLOCALIZED_RESOURCES_FOLDER_PATH}/FirebaseGoogleAuthUI.bundle",
				"${TARGET_BUILD_DIR}/${UNLOCALIZED_RESOURCES_FOLDER_PATH}/FirebasePhoneAuthUI.bundle",
				"${TARGET_BUILD_DIR}/${UNLOCALIZED_RESOURCES_FOLDER_PATH}/FirebaseTwitterAuthUI.bundle",
				"${TARGET_BUILD_DIR}/${UNLOCALIZED_RESOURCES_FOLDER_PATH}/GoogleSignIn.bundle",
				"${TARGET_BUILD_DIR}/${UNLOCALIZED_RESOURCES_FOLDER_PATH}/TwitterKitResources.bundle",
				"${TARGET_BUILD_DIR}/${UNLOCALIZED_RESOURCES_FOLDER_PATH}/gRPCCertificates.bundle",
			);
			runOnlyForDeploymentPostprocessing = 0;
			shellPath = /bin/sh;
			shellScript = "\"${PODS_ROOT}/Target Support Files/Pods-Diary/Pods-Diary-resources.sh\"\n";
			showEnvVarsInLog = 0;
		};
		A859A0354A77EACC37301712 /* [CP] Check Pods Manifest.lock */ = {
			isa = PBXShellScriptBuildPhase;
			buildActionMask = 2147483647;
			files = (
			);
			inputPaths = (
				"${PODS_PODFILE_DIR_PATH}/Podfile.lock",
				"${PODS_ROOT}/Manifest.lock",
			);
			name = "[CP] Check Pods Manifest.lock";
			outputPaths = (
				"$(DERIVED_FILE_DIR)/Pods-Diary-checkManifestLockResult.txt",
			);
			runOnlyForDeploymentPostprocessing = 0;
			shellPath = /bin/sh;
			shellScript = "diff \"${PODS_PODFILE_DIR_PATH}/Podfile.lock\" \"${PODS_ROOT}/Manifest.lock\" > /dev/null\nif [ $? != 0 ] ; then\n    # print error to STDERR\n    echo \"error: The sandbox is not in sync with the Podfile.lock. Run 'pod install' or update your CocoaPods installation.\" >&2\n    exit 1\nfi\n# This output is used by Xcode 'outputs' to avoid re-running this script phase.\necho \"SUCCESS\" > \"${SCRIPT_OUTPUT_FILE_0}\"\n";
			showEnvVarsInLog = 0;
		};
		F3F101FD20556F1E0052701E /* R.Swift */ = {
			isa = PBXShellScriptBuildPhase;
			buildActionMask = 2147483647;
			files = (
			);
			inputPaths = (
				"$TEMP_DIR/rswift-lastrun",
			);
			name = R.Swift;
			outputPaths = (
				"$SRCROOT/R.generated.swift",
			);
			runOnlyForDeploymentPostprocessing = 0;
			shellPath = /bin/sh;
			shellScript = "\"$PODS_ROOT/R.swift/rswift\" generate \"$SRCROOT/R.generated.swift\"\n";
		};
/* End PBXShellScriptBuildPhase section */

/* Begin PBXSourcesBuildPhase section */
		F31BB5001F8485D1000261A1 /* Sources */ = {
			isa = PBXSourcesBuildPhase;
			buildActionMask = 2147483647;
			files = (
				F3C9BF6B2042EF9A00D58192 /* NetworkClient.swift in Sources */,
				F3FF975E1F850DED00350881 /* AuthViewController.swift in Sources */,
				F355AEB72030DC7E00CED9BE /* UIViewController+Keyboard.swift in Sources */,
				F3F825C520B98FA000173855 /* ServerTimeResponse.swift in Sources */,
				F3F10209205596360052701E /* DatePickerViewController.swift in Sources */,
				F3F825C720B996F400173855 /* NotesResponse.swift in Sources */,
				F3AB38F220C3EC2600732039 /* UserPreferencesStorage.swift in Sources */,
				F355AEB92030DCD000CED9BE /* UIViewController+Alert.swift in Sources */,
				F34504E720D65D3C007479B8 /* Result.swift in Sources */,
				F343134520CF1AF900A3235B /* Diary.xcdatamodeld in Sources */,
				F34CDB4B209EE3DF00E457A1 /* FirebaseAuthService.swift in Sources */,
				F3C0C206214328CF00F7C344 /* R.generated.swift in Sources */,
				F3CBC6E42165260100D7C7A5 /* CreateNoteResponse.swift in Sources */,
				F3D34C322030C2EE0096D8AC /* MoodControl.swift in Sources */,
				F31BB5081F8485D1000261A1 /* AppDelegate.swift in Sources */,
				F36E96AA205C7442004AA16E /* NoteDetailsViewController.swift in Sources */,
				F3F13E9D20A8C58000FC6A34 /* URLRequestFactory.swift in Sources */,
				F3CBC6E721674F4000D7C7A5 /* ImageResponse.swift in Sources */,
				F3FF97581F848B0400350881 /* NotesListViewController.swift in Sources */,
				F34C4C0A205D553600470AFE /* CalendarViewController.swift in Sources */,
				F3C9BF692042EDA600D58192 /* Note.swift in Sources */,
				F3CCDD8320A870160059F37F /* AuthorizedNoteServiceFacade.swift in Sources */,
				F3F10201205574430052701E /* AppFactory.swift in Sources */,
				F3C9BF632042ECD600D58192 /* NoteService.swift in Sources */,
				F31B6AB420D82A64004086AB /* SettingsViewController.swift in Sources */,
				F3FF975C1F848DF800350881 /* NoteTableViewCell.swift in Sources */,
				F34C4C08205D533400470AFE /* MainViewController.swift in Sources */,
				F3BBD3B8202E5C2C00E65BEF /* NoteEditingViewController.swift in Sources */,
				F3C9BF6D2042EFB100D58192 /* INotesStorage.swift in Sources */,
				F3CBC6EB216A437900D7C7A5 /* MemoImage.swift in Sources */,
				F343134220CF18EF00A3235B /* CoreDataNotesStorage.swift in Sources */,
			);
			runOnlyForDeploymentPostprocessing = 0;
		};
/* End PBXSourcesBuildPhase section */

/* Begin PBXVariantGroup section */
		F31BB50B1F8485D1000261A1 /* Main.storyboard */ = {
			isa = PBXVariantGroup;
			children = (
				F31BB50C1F8485D1000261A1 /* Base */,
				F3294F3420D90962002EE9BD /* ru */,
			);
			name = Main.storyboard;
			sourceTree = "<group>";
		};
		F31BB5101F8485D1000261A1 /* LaunchScreen.storyboard */ = {
			isa = PBXVariantGroup;
			children = (
				F31BB5111F8485D1000261A1 /* Base */,
			);
			name = LaunchScreen.storyboard;
			sourceTree = "<group>";
		};
		F3294F3720D90A74002EE9BD /* Settings.storyboard */ = {
			isa = PBXVariantGroup;
			children = (
				F3294F3820D90A82002EE9BD /* Base */,
				F3294F3B20D951B0002EE9BD /* ru */,
			);
			name = Settings.storyboard;
			sourceTree = "<group>";
		};
		F36B2B7E20D7E9D3005C309D /* Localizable.strings */ = {
			isa = PBXVariantGroup;
			children = (
				F36B2B7F20D7E9D6005C309D /* ru */,
				F36B2B8020D7EA0D005C309D /* Base */,
			);
			name = Localizable.strings;
			sourceTree = "<group>";
		};
/* End PBXVariantGroup section */

/* Begin XCBuildConfiguration section */
		F31BB5141F8485D1000261A1 /* Debug */ = {
			isa = XCBuildConfiguration;
			buildSettings = {
				ALWAYS_SEARCH_USER_PATHS = NO;
				CLANG_ANALYZER_LOCALIZABILITY_NONLOCALIZED = YES;
				CLANG_ANALYZER_NONNULL = YES;
				CLANG_ANALYZER_NUMBER_OBJECT_CONVERSION = YES_AGGRESSIVE;
				CLANG_WARN_BLOCK_CAPTURE_AUTORELEASING = YES;
				CLANG_WARN_BOOL_CONVERSION = YES;
				CLANG_WARN_COMMA = YES;
				CLANG_WARN_CONSTANT_CONVERSION = YES;
				CLANG_WARN_DEPRECATED_OBJC_IMPLEMENTATIONS = YES;
				CLANG_WARN_DIRECT_OBJC_ISA_USAGE = YES_ERROR;
				CLANG_WARN_DOCUMENTATION_COMMENTS = YES;
				CLANG_WARN_EMPTY_BODY = YES;
				CLANG_WARN_ENUM_CONVERSION = YES;
				CLANG_WARN_INFINITE_RECURSION = YES;
				CLANG_WARN_INT_CONVERSION = YES;
				CLANG_WARN_NON_LITERAL_NULL_CONVERSION = YES;
				CLANG_WARN_OBJC_IMPLICIT_RETAIN_SELF = YES;
				CLANG_WARN_OBJC_LITERAL_CONVERSION = YES;
				CLANG_WARN_OBJC_ROOT_CLASS = YES_ERROR;
				CLANG_WARN_RANGE_LOOP_ANALYSIS = YES;
				CLANG_WARN_STRICT_PROTOTYPES = YES;
				CLANG_WARN_SUSPICIOUS_MOVE = YES;
				CLANG_WARN_UNGUARDED_AVAILABILITY = YES_AGGRESSIVE;
				CLANG_WARN_UNREACHABLE_CODE = YES;
				CLANG_WARN__DUPLICATE_METHOD_MATCH = YES;
				CODE_SIGN_IDENTITY = "iPhone Developer";
				ENABLE_TESTABILITY = YES;
				GCC_OPTIMIZATION_LEVEL = 0;
				GCC_PREPROCESSOR_DEFINITIONS = (
					"DEBUG=1",
					"$(inherited)",
				);
				GCC_WARN_64_TO_32_BIT_CONVERSION = YES;
				GCC_WARN_ABOUT_RETURN_TYPE = YES_ERROR;
				GCC_WARN_UNDECLARED_SELECTOR = YES;
				GCC_WARN_UNINITIALIZED_AUTOS = YES_AGGRESSIVE;
				GCC_WARN_UNUSED_FUNCTION = YES;
				GCC_WARN_UNUSED_VARIABLE = YES;
				IPHONEOS_DEPLOYMENT_TARGET = 11.4;
				MTL_ENABLE_DEBUG_INFO = YES;
				ONLY_ACTIVE_ARCH = YES;
				SDKROOT = iphoneos;
				SWIFT_ACTIVE_COMPILATION_CONDITIONS = DEBUG;
				SWIFT_OPTIMIZATION_LEVEL = "-Onone";
			};
			name = Debug;
		};
		F31BB5151F8485D1000261A1 /* Release */ = {
			isa = XCBuildConfiguration;
			buildSettings = {
				ALWAYS_SEARCH_USER_PATHS = NO;
				CLANG_ANALYZER_LOCALIZABILITY_NONLOCALIZED = YES;
				CLANG_ANALYZER_NONNULL = YES;
				CLANG_ANALYZER_NUMBER_OBJECT_CONVERSION = YES_AGGRESSIVE;
				CLANG_WARN_BLOCK_CAPTURE_AUTORELEASING = YES;
				CLANG_WARN_BOOL_CONVERSION = YES;
				CLANG_WARN_COMMA = YES;
				CLANG_WARN_CONSTANT_CONVERSION = YES;
				CLANG_WARN_DEPRECATED_OBJC_IMPLEMENTATIONS = YES;
				CLANG_WARN_DIRECT_OBJC_ISA_USAGE = YES_ERROR;
				CLANG_WARN_DOCUMENTATION_COMMENTS = YES;
				CLANG_WARN_EMPTY_BODY = YES;
				CLANG_WARN_ENUM_CONVERSION = YES;
				CLANG_WARN_INFINITE_RECURSION = YES;
				CLANG_WARN_INT_CONVERSION = YES;
				CLANG_WARN_NON_LITERAL_NULL_CONVERSION = YES;
				CLANG_WARN_OBJC_IMPLICIT_RETAIN_SELF = YES;
				CLANG_WARN_OBJC_LITERAL_CONVERSION = YES;
				CLANG_WARN_OBJC_ROOT_CLASS = YES_ERROR;
				CLANG_WARN_RANGE_LOOP_ANALYSIS = YES;
				CLANG_WARN_STRICT_PROTOTYPES = YES;
				CLANG_WARN_SUSPICIOUS_MOVE = YES;
				CLANG_WARN_UNGUARDED_AVAILABILITY = YES_AGGRESSIVE;
				CLANG_WARN_UNREACHABLE_CODE = YES;
				CLANG_WARN__DUPLICATE_METHOD_MATCH = YES;
				CODE_SIGN_IDENTITY = "iPhone Developer";
				ENABLE_NS_ASSERTIONS = NO;
				GCC_WARN_64_TO_32_BIT_CONVERSION = YES;
				GCC_WARN_ABOUT_RETURN_TYPE = YES_ERROR;
				GCC_WARN_UNDECLARED_SELECTOR = YES;
				GCC_WARN_UNINITIALIZED_AUTOS = YES_AGGRESSIVE;
				GCC_WARN_UNUSED_FUNCTION = YES;
				GCC_WARN_UNUSED_VARIABLE = YES;
				IPHONEOS_DEPLOYMENT_TARGET = 11.4;
				MTL_ENABLE_DEBUG_INFO = NO;
				SDKROOT = iphoneos;
				SWIFT_OPTIMIZATION_LEVEL = "-Owholemodule";
				VALIDATE_PRODUCT = YES;
			};
			name = Release;
		};
		F31BB5171F8485D1000261A1 /* Debug */ = {
			isa = XCBuildConfiguration;
			baseConfigurationReference = A6842E68EC2EF69F607F04DF /* Pods-Diary.debug.xcconfig */;
			buildSettings = {
				ASSETCATALOG_COMPILER_APPICON_NAME = AppIcon;
				CODE_SIGN_IDENTITY = "iPhone Developer";
				CODE_SIGN_STYLE = Automatic;
				DEVELOPMENT_TEAM = 3UUNPVRU82;
				INFOPLIST_FILE = Diary/Info.plist;
				LD_RUNPATH_SEARCH_PATHS = "$(inherited) @executable_path/Frameworks";
				PRODUCT_BUNDLE_IDENTIFIER = com.legonaftik.memo.ios;
				PRODUCT_NAME = "$(TARGET_NAME)";
				PROVISIONING_PROFILE_SPECIFIER = "";
				SWIFT_VERSION = 4.2;
				TARGETED_DEVICE_FAMILY = "1,2";
			};
			name = Debug;
		};
		F31BB5181F8485D1000261A1 /* Release */ = {
			isa = XCBuildConfiguration;
			baseConfigurationReference = EBA339F7F28FCC9A59C64032 /* Pods-Diary.release.xcconfig */;
			buildSettings = {
				ASSETCATALOG_COMPILER_APPICON_NAME = AppIcon;
				CODE_SIGN_IDENTITY = "iPhone Developer";
				CODE_SIGN_STYLE = Automatic;
				DEVELOPMENT_TEAM = 3UUNPVRU82;
				INFOPLIST_FILE = Diary/Info.plist;
				LD_RUNPATH_SEARCH_PATHS = "$(inherited) @executable_path/Frameworks";
				PRODUCT_BUNDLE_IDENTIFIER = com.legonaftik.memo.ios;
				PRODUCT_NAME = "$(TARGET_NAME)";
				PROVISIONING_PROFILE_SPECIFIER = "";
				SWIFT_VERSION = 4.2;
				TARGETED_DEVICE_FAMILY = "1,2";
			};
			name = Release;
		};
/* End XCBuildConfiguration section */

/* Begin XCConfigurationList section */
		F31BB4FF1F8485D1000261A1 /* Build configuration list for PBXProject "Diary" */ = {
			isa = XCConfigurationList;
			buildConfigurations = (
				F31BB5141F8485D1000261A1 /* Debug */,
				F31BB5151F8485D1000261A1 /* Release */,
			);
			defaultConfigurationIsVisible = 0;
			defaultConfigurationName = Release;
		};
		F31BB5161F8485D1000261A1 /* Build configuration list for PBXNativeTarget "Diary" */ = {
			isa = XCConfigurationList;
			buildConfigurations = (
				F31BB5171F8485D1000261A1 /* Debug */,
				F31BB5181F8485D1000261A1 /* Release */,
			);
			defaultConfigurationIsVisible = 0;
			defaultConfigurationName = Release;
		};
/* End XCConfigurationList section */

/* Begin XCVersionGroup section */
		F343134320CF1AF900A3235B /* Diary.xcdatamodeld */ = {
			isa = XCVersionGroup;
			children = (
				F343134420CF1AF900A3235B /* Diary.xcdatamodel */,
			);
			currentVersion = F343134420CF1AF900A3235B /* Diary.xcdatamodel */;
			path = Diary.xcdatamodeld;
			sourceTree = "<group>";
			versionGroupType = wrapper.xcdatamodel;
		};
/* End XCVersionGroup section */
	};
	rootObject = F31BB4FC1F8485D1000261A1 /* Project object */;
}
