// !$*UTF8*$!
{
	archiveVersion = 1;
	classes = {
	};
	objectVersion = 51;
	objects = {

/* Begin PBXBuildFile section */
		48E478E818CD2B5718E8313D /* libPods-memo.a in Frameworks */ = {isa = PBXBuildFile; fileRef = ACC0E3501ED7CA85FBE08780 /* libPods-memo.a */; };
		D418BEE0227634DC00F18239 /* MemoTests.swift in Sources */ = {isa = PBXBuildFile; fileRef = D418BEDF227634DC00F18239 /* MemoTests.swift */; };
		F31B6AB420D82A64004086AB /* SettingsViewController.swift in Sources */ = {isa = PBXBuildFile; fileRef = F31B6AB320D82A64004086AB /* SettingsViewController.swift */; };
		F31BB5081F8485D1000261A1 /* AppDelegate.swift in Sources */ = {isa = PBXBuildFile; fileRef = F31BB5071F8485D1000261A1 /* AppDelegate.swift */; };
		F31BB50D1F8485D1000261A1 /* Main.storyboard in Resources */ = {isa = PBXBuildFile; fileRef = F31BB50B1F8485D1000261A1 /* Main.storyboard */; };
		F31BB50F1F8485D1000261A1 /* Assets.xcassets in Resources */ = {isa = PBXBuildFile; fileRef = F31BB50E1F8485D1000261A1 /* Assets.xcassets */; };
		F31BB5121F8485D1000261A1 /* LaunchScreen.storyboard in Resources */ = {isa = PBXBuildFile; fileRef = F31BB5101F8485D1000261A1 /* LaunchScreen.storyboard */; };
		F3294F3520D90A74002EE9BD /* Settings.storyboard in Resources */ = {isa = PBXBuildFile; fileRef = F3294F3720D90A74002EE9BD /* Settings.storyboard */; };
		F343134220CF18EF00A3235B /* CoreDataNotesStorage.swift in Sources */ = {isa = PBXBuildFile; fileRef = F343134120CF18EF00A3235B /* CoreDataNotesStorage.swift */; };
		F343134520CF1AF900A3235B /* memo.xcdatamodeld in Sources */ = {isa = PBXBuildFile; fileRef = F343134320CF1AF900A3235B /* memo.xcdatamodeld */; };
		F34504E720D65D3C007479B8 /* Result.swift in Sources */ = {isa = PBXBuildFile; fileRef = F34504E620D65D3C007479B8 /* Result.swift */; };
		F34C4C08205D533400470AFE /* MainViewController.swift in Sources */ = {isa = PBXBuildFile; fileRef = F34C4C07205D533400470AFE /* MainViewController.swift */; };
		F34C4C0A205D553600470AFE /* CalendarViewController.swift in Sources */ = {isa = PBXBuildFile; fileRef = F34C4C09205D553600470AFE /* CalendarViewController.swift */; };
		F355AEB72030DC7E00CED9BE /* UIViewController+Keyboard.swift in Sources */ = {isa = PBXBuildFile; fileRef = F355AEB62030DC7E00CED9BE /* UIViewController+Keyboard.swift */; };
		F355AEB92030DCD000CED9BE /* UIViewController+Alert.swift in Sources */ = {isa = PBXBuildFile; fileRef = F355AEB82030DCD000CED9BE /* UIViewController+Alert.swift */; };
		F36B2B7C20D7E9D3005C309D /* Localizable.strings in Resources */ = {isa = PBXBuildFile; fileRef = F36B2B7E20D7E9D3005C309D /* Localizable.strings */; };
		F36E96AA205C7442004AA16E /* NoteDetailsViewController.swift in Sources */ = {isa = PBXBuildFile; fileRef = F36E96A9205C7442004AA16E /* NoteDetailsViewController.swift */; };
		F3BBD3B8202E5C2C00E65BEF /* NoteEditingViewController.swift in Sources */ = {isa = PBXBuildFile; fileRef = F3BBD3B7202E5C2C00E65BEF /* NoteEditingViewController.swift */; };
		F3C0C206214328CF00F7C344 /* R.generated.swift in Sources */ = {isa = PBXBuildFile; fileRef = F3C0C205214328CF00F7C344 /* R.generated.swift */; };
		F3C9BF632042ECD600D58192 /* NoteService.swift in Sources */ = {isa = PBXBuildFile; fileRef = F3C9BF622042ECD600D58192 /* NoteService.swift */; };
		F3C9BF692042EDA600D58192 /* Note.swift in Sources */ = {isa = PBXBuildFile; fileRef = F3C9BF682042EDA600D58192 /* Note.swift */; };
		F3CBC6EB216A437900D7C7A5 /* MemoImage.swift in Sources */ = {isa = PBXBuildFile; fileRef = F3CBC6EA216A437900D7C7A5 /* MemoImage.swift */; };
		F3D34C322030C2EE0096D8AC /* MoodControl.swift in Sources */ = {isa = PBXBuildFile; fileRef = F3D34C312030C2EE0096D8AC /* MoodControl.swift */; };
		F3F10201205574430052701E /* AppFactory.swift in Sources */ = {isa = PBXBuildFile; fileRef = F3F10200205574430052701E /* AppFactory.swift */; };
		F3F10209205596360052701E /* DatePickerViewController.swift in Sources */ = {isa = PBXBuildFile; fileRef = F3F10208205596360052701E /* DatePickerViewController.swift */; };
		F3FF97581F848B0400350881 /* NotesListViewController.swift in Sources */ = {isa = PBXBuildFile; fileRef = F3FF97571F848B0400350881 /* NotesListViewController.swift */; };
		F3FF975C1F848DF800350881 /* NoteTableViewCell.swift in Sources */ = {isa = PBXBuildFile; fileRef = F3FF975B1F848DF800350881 /* NoteTableViewCell.swift */; };
/* End PBXBuildFile section */

/* Begin PBXContainerItemProxy section */
		D418BEE2227634DC00F18239 /* PBXContainerItemProxy */ = {
			isa = PBXContainerItemProxy;
			containerPortal = F31BB4FC1F8485D1000261A1 /* Project object */;
			proxyType = 1;
			remoteGlobalIDString = F31BB5031F8485D1000261A1;
			remoteInfo = Diary;
		};
/* End PBXContainerItemProxy section */

/* Begin PBXFileReference section */
		A279F1E49DBC1C8D40FDCB8C /* Pods-memo.release.xcconfig */ = {isa = PBXFileReference; includeInIndex = 1; lastKnownFileType = text.xcconfig; name = "Pods-memo.release.xcconfig"; path = "Target Support Files/Pods-memo/Pods-memo.release.xcconfig"; sourceTree = "<group>"; };
		ACC0E3501ED7CA85FBE08780 /* libPods-memo.a */ = {isa = PBXFileReference; explicitFileType = archive.ar; includeInIndex = 0; path = "libPods-memo.a"; sourceTree = BUILT_PRODUCTS_DIR; };
		D418BEDD227634DC00F18239 /* memo-tests.xctest */ = {isa = PBXFileReference; explicitFileType = wrapper.cfbundle; includeInIndex = 0; path = "memo-tests.xctest"; sourceTree = BUILT_PRODUCTS_DIR; };
		D418BEDF227634DC00F18239 /* MemoTests.swift */ = {isa = PBXFileReference; lastKnownFileType = sourcecode.swift; path = MemoTests.swift; sourceTree = "<group>"; };
		D418BEE1227634DC00F18239 /* Info.plist */ = {isa = PBXFileReference; lastKnownFileType = text.plist.xml; path = Info.plist; sourceTree = "<group>"; };
		D540E3F02F5D7C23BA2731FE /* Pods-memo.debug.xcconfig */ = {isa = PBXFileReference; includeInIndex = 1; lastKnownFileType = text.xcconfig; name = "Pods-memo.debug.xcconfig"; path = "Target Support Files/Pods-memo/Pods-memo.debug.xcconfig"; sourceTree = "<group>"; };
		F31B6AB320D82A64004086AB /* SettingsViewController.swift */ = {isa = PBXFileReference; indentWidth = 2; lastKnownFileType = sourcecode.swift; path = SettingsViewController.swift; sourceTree = "<group>"; tabWidth = 2; };
		F31BB5041F8485D1000261A1 /* memo.app */ = {isa = PBXFileReference; explicitFileType = wrapper.application; includeInIndex = 0; path = memo.app; sourceTree = BUILT_PRODUCTS_DIR; };
		F31BB5071F8485D1000261A1 /* AppDelegate.swift */ = {isa = PBXFileReference; lastKnownFileType = sourcecode.swift; path = AppDelegate.swift; sourceTree = "<group>"; };
		F31BB50C1F8485D1000261A1 /* Base */ = {isa = PBXFileReference; lastKnownFileType = file.storyboard; name = Base; path = Base.lproj/Main.storyboard; sourceTree = "<group>"; };
		F31BB50E1F8485D1000261A1 /* Assets.xcassets */ = {isa = PBXFileReference; lastKnownFileType = folder.assetcatalog; path = Assets.xcassets; sourceTree = "<group>"; };
		F31BB5111F8485D1000261A1 /* Base */ = {isa = PBXFileReference; lastKnownFileType = file.storyboard; name = Base; path = Base.lproj/LaunchScreen.storyboard; sourceTree = "<group>"; };
		F31BB5131F8485D1000261A1 /* Info.plist */ = {isa = PBXFileReference; lastKnownFileType = text.plist.xml; path = Info.plist; sourceTree = "<group>"; };
		F3294F3420D90962002EE9BD /* ru */ = {isa = PBXFileReference; lastKnownFileType = text.plist.strings; name = ru; path = ru.lproj/Main.strings; sourceTree = "<group>"; };
		F3294F3820D90A82002EE9BD /* Base */ = {isa = PBXFileReference; lastKnownFileType = file.storyboard; name = Base; path = Base.lproj/Settings.storyboard; sourceTree = "<group>"; };
		F3294F3B20D951B0002EE9BD /* ru */ = {isa = PBXFileReference; lastKnownFileType = text.plist.strings; name = ru; path = ru.lproj/Settings.strings; sourceTree = "<group>"; };
		F343134120CF18EF00A3235B /* CoreDataNotesStorage.swift */ = {isa = PBXFileReference; lastKnownFileType = sourcecode.swift; path = CoreDataNotesStorage.swift; sourceTree = "<group>"; };
		F343134420CF1AF900A3235B /* memo.xcdatamodel */ = {isa = PBXFileReference; lastKnownFileType = wrapper.xcdatamodel; path = memo.xcdatamodel; sourceTree = "<group>"; };
		F34504E620D65D3C007479B8 /* Result.swift */ = {isa = PBXFileReference; lastKnownFileType = sourcecode.swift; path = Result.swift; sourceTree = "<group>"; };
		F34C4C07205D533400470AFE /* MainViewController.swift */ = {isa = PBXFileReference; lastKnownFileType = sourcecode.swift; path = MainViewController.swift; sourceTree = "<group>"; };
		F34C4C09205D553600470AFE /* CalendarViewController.swift */ = {isa = PBXFileReference; lastKnownFileType = sourcecode.swift; path = CalendarViewController.swift; sourceTree = "<group>"; };
		F355AEB62030DC7E00CED9BE /* UIViewController+Keyboard.swift */ = {isa = PBXFileReference; lastKnownFileType = sourcecode.swift; path = "UIViewController+Keyboard.swift"; sourceTree = "<group>"; };
		F355AEB82030DCD000CED9BE /* UIViewController+Alert.swift */ = {isa = PBXFileReference; lastKnownFileType = sourcecode.swift; path = "UIViewController+Alert.swift"; sourceTree = "<group>"; };
		F36B2B7F20D7E9D6005C309D /* ru */ = {isa = PBXFileReference; lastKnownFileType = text.plist.strings; name = ru; path = ru.lproj/Localizable.strings; sourceTree = "<group>"; };
		F36B2B8020D7EA0D005C309D /* Base */ = {isa = PBXFileReference; lastKnownFileType = text.plist.strings; name = Base; path = Base.lproj/Localizable.strings; sourceTree = "<group>"; };
		F36E96A9205C7442004AA16E /* NoteDetailsViewController.swift */ = {isa = PBXFileReference; indentWidth = 2; lastKnownFileType = sourcecode.swift; path = NoteDetailsViewController.swift; sourceTree = "<group>"; tabWidth = 2; };
		F3BBD3B7202E5C2C00E65BEF /* NoteEditingViewController.swift */ = {isa = PBXFileReference; lastKnownFileType = sourcecode.swift; path = NoteEditingViewController.swift; sourceTree = "<group>"; };
		F3C0C205214328CF00F7C344 /* R.generated.swift */ = {isa = PBXFileReference; fileEncoding = 4; lastKnownFileType = sourcecode.swift; path = R.generated.swift; sourceTree = "<group>"; };
		F3C9BF622042ECD600D58192 /* NoteService.swift */ = {isa = PBXFileReference; lastKnownFileType = sourcecode.swift; path = NoteService.swift; sourceTree = "<group>"; };
		F3C9BF682042EDA600D58192 /* Note.swift */ = {isa = PBXFileReference; lastKnownFileType = sourcecode.swift; path = Note.swift; sourceTree = "<group>"; };
		F3CBC6EA216A437900D7C7A5 /* MemoImage.swift */ = {isa = PBXFileReference; lastKnownFileType = sourcecode.swift; path = MemoImage.swift; sourceTree = "<group>"; };
		F3D34C312030C2EE0096D8AC /* MoodControl.swift */ = {isa = PBXFileReference; lastKnownFileType = sourcecode.swift; path = MoodControl.swift; sourceTree = "<group>"; };
		F3F10200205574430052701E /* AppFactory.swift */ = {isa = PBXFileReference; lastKnownFileType = sourcecode.swift; path = AppFactory.swift; sourceTree = "<group>"; };
		F3F10208205596360052701E /* DatePickerViewController.swift */ = {isa = PBXFileReference; lastKnownFileType = sourcecode.swift; path = DatePickerViewController.swift; sourceTree = "<group>"; };
		F3FF97571F848B0400350881 /* NotesListViewController.swift */ = {isa = PBXFileReference; indentWidth = 2; lastKnownFileType = sourcecode.swift; path = NotesListViewController.swift; sourceTree = "<group>"; tabWidth = 2; };
		F3FF975B1F848DF800350881 /* NoteTableViewCell.swift */ = {isa = PBXFileReference; lastKnownFileType = sourcecode.swift; path = NoteTableViewCell.swift; sourceTree = "<group>"; };
/* End PBXFileReference section */

/* Begin PBXFrameworksBuildPhase section */
		D418BEDA227634DC00F18239 /* Frameworks */ = {
			isa = PBXFrameworksBuildPhase;
			buildActionMask = 2147483647;
			files = (
			);
			runOnlyForDeploymentPostprocessing = 0;
		};
		F31BB5011F8485D1000261A1 /* Frameworks */ = {
			isa = PBXFrameworksBuildPhase;
			buildActionMask = 2147483647;
			files = (
				48E478E818CD2B5718E8313D /* libPods-memo.a in Frameworks */,
			);
			runOnlyForDeploymentPostprocessing = 0;
		};
/* End PBXFrameworksBuildPhase section */

/* Begin PBXGroup section */
		4E5F20E93115F8B6BEF258DE /* Frameworks */ = {
			isa = PBXGroup;
			children = (
				ACC0E3501ED7CA85FBE08780 /* libPods-memo.a */,
			);
			name = Frameworks;
			sourceTree = "<group>";
		};
		87B1E3FB690BF6748AC5E0BD /* Pods */ = {
			isa = PBXGroup;
			children = (
				D540E3F02F5D7C23BA2731FE /* Pods-memo.debug.xcconfig */,
				A279F1E49DBC1C8D40FDCB8C /* Pods-memo.release.xcconfig */,
			);
			path = Pods;
			sourceTree = "<group>";
		};
		D418BEDE227634DC00F18239 /* memo-tests */ = {
			isa = PBXGroup;
			children = (
				D418BEDF227634DC00F18239 /* MemoTests.swift */,
				D418BEE1227634DC00F18239 /* Info.plist */,
			);
			path = "memo-tests";
			sourceTree = "<group>";
		};
		F31B6AB220D82A41004086AB /* Settings */ = {
			isa = PBXGroup;
			children = (
				F3294F3720D90A74002EE9BD /* Settings.storyboard */,
				F31B6AB320D82A64004086AB /* SettingsViewController.swift */,
			);
			path = Settings;
			sourceTree = "<group>";
		};
		F31BB4FB1F8485D1000261A1 = {
			isa = PBXGroup;
			children = (
				F3C0C205214328CF00F7C344 /* R.generated.swift */,
				F31BB5061F8485D1000261A1 /* memo */,
				D418BEDE227634DC00F18239 /* memo-tests */,
				F31BB5051F8485D1000261A1 /* Products */,
				87B1E3FB690BF6748AC5E0BD /* Pods */,
				4E5F20E93115F8B6BEF258DE /* Frameworks */,
			);
			sourceTree = "<group>";
		};
		F31BB5051F8485D1000261A1 /* Products */ = {
			isa = PBXGroup;
			children = (
				F31BB5041F8485D1000261A1 /* memo.app */,
				D418BEDD227634DC00F18239 /* memo-tests.xctest */,
			);
			name = Products;
			sourceTree = "<group>";
		};
		F31BB5061F8485D1000261A1 /* memo */ = {
			isa = PBXGroup;
			children = (
				F31BB5131F8485D1000261A1 /* Info.plist */,
				F31BB50E1F8485D1000261A1 /* Assets.xcassets */,
				F3F10200205574430052701E /* AppFactory.swift */,
				F31BB5071F8485D1000261A1 /* AppDelegate.swift */,
				F3F101F620555CF70052701E /* Presentation */,
				F3F101F720555CFE0052701E /* Service */,
				F3F101F820555D040052701E /* Core */,
				F34504E620D65D3C007479B8 /* Result.swift */,
			);
			path = memo;
			sourceTree = "<group>";
		};
		F34C4C0B205D554A00470AFE /* Calendar */ = {
			isa = PBXGroup;
			children = (
				F34C4C09205D553600470AFE /* CalendarViewController.swift */,
			);
			path = Calendar;
			sourceTree = "<group>";
		};
		F36E96A8205C72E8004AA16E /* NoteDetails */ = {
			isa = PBXGroup;
			children = (
				F36E96A9205C7442004AA16E /* NoteDetailsViewController.swift */,
			);
			path = NoteDetails;
			sourceTree = "<group>";
		};
		F3AEC3BB20AA112C0094DC49 /* Main */ = {
			isa = PBXGroup;
			children = (
				F34C4C07205D533400470AFE /* MainViewController.swift */,
			);
			path = Main;
			sourceTree = "<group>";
		};
		F3F101F620555CF70052701E /* Presentation */ = {
			isa = PBXGroup;
			children = (
				F31BB50B1F8485D1000261A1 /* Main.storyboard */,
				F31BB5101F8485D1000261A1 /* LaunchScreen.storyboard */,
				F36B2B7E20D7E9D3005C309D /* Localizable.strings */,
				F31B6AB220D82A41004086AB /* Settings */,
				F3AEC3BB20AA112C0094DC49 /* Main */,
				F3F101FB20555D7E0052701E /* NotesList */,
				F34C4C0B205D554A00470AFE /* Calendar */,
				F36E96A8205C72E8004AA16E /* NoteDetails */,
				F3F101FC20555D8D0052701E /* NoteEditing */,
				F355AEB62030DC7E00CED9BE /* UIViewController+Keyboard.swift */,
				F355AEB82030DCD000CED9BE /* UIViewController+Alert.swift */,
			);
			path = Presentation;
			sourceTree = "<group>";
		};
		F3F101F720555CFE0052701E /* Service */ = {
			isa = PBXGroup;
			children = (
				F3C9BF622042ECD600D58192 /* NoteService.swift */,
			);
			path = Service;
			sourceTree = "<group>";
		};
		F3F101F820555D040052701E /* Core */ = {
			isa = PBXGroup;
			children = (
				F3C9BF682042EDA600D58192 /* Note.swift */,
				F3CBC6EA216A437900D7C7A5 /* MemoImage.swift */,
				F3F101FA20555D280052701E /* Storage */,
			);
			path = Core;
			sourceTree = "<group>";
		};
		F3F101FA20555D280052701E /* Storage */ = {
			isa = PBXGroup;
			children = (
				F343134320CF1AF900A3235B /* memo.xcdatamodeld */,
				F343134120CF18EF00A3235B /* CoreDataNotesStorage.swift */,
			);
			path = Storage;
			sourceTree = "<group>";
		};
		F3F101FB20555D7E0052701E /* NotesList */ = {
			isa = PBXGroup;
			children = (
				F3FF97571F848B0400350881 /* NotesListViewController.swift */,
				F3FF975B1F848DF800350881 /* NoteTableViewCell.swift */,
			);
			path = NotesList;
			sourceTree = "<group>";
		};
		F3F101FC20555D8D0052701E /* NoteEditing */ = {
			isa = PBXGroup;
			children = (
				F3BBD3B7202E5C2C00E65BEF /* NoteEditingViewController.swift */,
				F3F10208205596360052701E /* DatePickerViewController.swift */,
				F3D34C312030C2EE0096D8AC /* MoodControl.swift */,
			);
			path = NoteEditing;
			sourceTree = "<group>";
		};
/* End PBXGroup section */

/* Begin PBXNativeTarget section */
		D418BEDC227634DC00F18239 /* memo-tests */ = {
			isa = PBXNativeTarget;
			buildConfigurationList = D418BEE4227634DC00F18239 /* Build configuration list for PBXNativeTarget "memo-tests" */;
			buildPhases = (
				D418BED9227634DC00F18239 /* Sources */,
				D418BEDA227634DC00F18239 /* Frameworks */,
				D418BEDB227634DC00F18239 /* Resources */,
			);
			buildRules = (
			);
			dependencies = (
				D418BEE3227634DC00F18239 /* PBXTargetDependency */,
			);
			name = "memo-tests";
			productName = "memo-tests";
			productReference = D418BEDD227634DC00F18239 /* memo-tests.xctest */;
			productType = "com.apple.product-type.bundle.unit-test";
		};
		F31BB5031F8485D1000261A1 /* memo */ = {
			isa = PBXNativeTarget;
			buildConfigurationList = F31BB5161F8485D1000261A1 /* Build configuration list for PBXNativeTarget "memo" */;
			buildPhases = (
				83696AF74E645FDBFDFC8608 /* [CP] Check Pods Manifest.lock */,
				D418BED82276018B00F18239 /* SwiftLint */,
				F3F101FD20556F1E0052701E /* R.Swift */,
				F31BB5001F8485D1000261A1 /* Sources */,
				F31BB5011F8485D1000261A1 /* Frameworks */,
				F31BB5021F8485D1000261A1 /* Resources */,
			);
			buildRules = (
			);
			dependencies = (
			);
			name = memo;
			productName = Diary;
			productReference = F31BB5041F8485D1000261A1 /* memo.app */;
			productType = "com.apple.product-type.application";
		};
/* End PBXNativeTarget section */

/* Begin PBXProject section */
		F31BB4FC1F8485D1000261A1 /* Project object */ = {
			isa = PBXProject;
			attributes = {
				LastSwiftUpdateCheck = 1020;
				LastUpgradeCheck = 1020;
				ORGANIZATIONNAME = "Vladimir Pavlov";
				TargetAttributes = {
					D418BEDC227634DC00F18239 = {
						CreatedOnToolsVersion = 10.2.1;
						ProvisioningStyle = Automatic;
						TestTargetID = F31BB5031F8485D1000261A1;
					};
					F31BB5031F8485D1000261A1 = {
						CreatedOnToolsVersion = 9.0;
						LastSwiftMigration = 1000;
						ProvisioningStyle = Automatic;
						SystemCapabilities = {
							com.apple.Keychain = {
								enabled = 0;
							};
						};
					};
				};
			};
			buildConfigurationList = F31BB4FF1F8485D1000261A1 /* Build configuration list for PBXProject "memo" */;
			compatibilityVersion = "Xcode 10.0";
			developmentRegion = en;
			hasScannedForEncodings = 0;
			knownRegions = (
				en,
				Base,
				ru,
			);
			mainGroup = F31BB4FB1F8485D1000261A1;
			productRefGroup = F31BB5051F8485D1000261A1 /* Products */;
			projectDirPath = "";
			projectRoot = "";
			targets = (
				F31BB5031F8485D1000261A1 /* memo */,
				D418BEDC227634DC00F18239 /* memo-tests */,
			);
		};
/* End PBXProject section */

/* Begin PBXResourcesBuildPhase section */
		D418BEDB227634DC00F18239 /* Resources */ = {
			isa = PBXResourcesBuildPhase;
			buildActionMask = 2147483647;
			files = (
			);
			runOnlyForDeploymentPostprocessing = 0;
		};
		F31BB5021F8485D1000261A1 /* Resources */ = {
			isa = PBXResourcesBuildPhase;
			buildActionMask = 2147483647;
			files = (
				F36B2B7C20D7E9D3005C309D /* Localizable.strings in Resources */,
				F31BB5121F8485D1000261A1 /* LaunchScreen.storyboard in Resources */,
				F3294F3520D90A74002EE9BD /* Settings.storyboard in Resources */,
				F31BB50F1F8485D1000261A1 /* Assets.xcassets in Resources */,
				F31BB50D1F8485D1000261A1 /* Main.storyboard in Resources */,
			);
			runOnlyForDeploymentPostprocessing = 0;
		};
/* End PBXResourcesBuildPhase section */

/* Begin PBXShellScriptBuildPhase section */
		83696AF74E645FDBFDFC8608 /* [CP] Check Pods Manifest.lock */ = {
			isa = PBXShellScriptBuildPhase;
			buildActionMask = 2147483647;
			files = (
			);
			inputFileListPaths = (
			);
			inputPaths = (
				"${PODS_PODFILE_DIR_PATH}/Podfile.lock",
				"${PODS_ROOT}/Manifest.lock",
			);
			name = "[CP] Check Pods Manifest.lock";
			outputFileListPaths = (
			);
			outputPaths = (
				"$(DERIVED_FILE_DIR)/Pods-memo-checkManifestLockResult.txt",
			);
			runOnlyForDeploymentPostprocessing = 0;
			shellPath = /bin/sh;
			shellScript = "diff \"${PODS_PODFILE_DIR_PATH}/Podfile.lock\" \"${PODS_ROOT}/Manifest.lock\" > /dev/null\nif [ $? != 0 ] ; then\n    # print error to STDERR\n    echo \"error: The sandbox is not in sync with the Podfile.lock. Run 'pod install' or update your CocoaPods installation.\" >&2\n    exit 1\nfi\n# This output is used by Xcode 'outputs' to avoid re-running this script phase.\necho \"SUCCESS\" > \"${SCRIPT_OUTPUT_FILE_0}\"\n";
			showEnvVarsInLog = 0;
		};
		D418BED82276018B00F18239 /* SwiftLint */ = {
			isa = PBXShellScriptBuildPhase;
			buildActionMask = 2147483647;
			files = (
			);
			inputFileListPaths = (
			);
			inputPaths = (
			);
			name = SwiftLint;
			outputFileListPaths = (
			);
			outputPaths = (
			);
			runOnlyForDeploymentPostprocessing = 0;
			shellPath = /bin/sh;
			shellScript = "if which swiftlint >/dev/null; then\n    swiftlint\nelse\n    echo \"warning: SwiftLint not installed, download from https://github.com/realm/SwiftLint\"\nfi\n";
		};
		F3F101FD20556F1E0052701E /* R.Swift */ = {
			isa = PBXShellScriptBuildPhase;
			buildActionMask = 2147483647;
			files = (
			);
			inputPaths = (
				"$TEMP_DIR/rswift-lastrun",
			);
			name = R.Swift;
			outputPaths = (
				$SRCROOT/R.generated.swift,
			);
			runOnlyForDeploymentPostprocessing = 0;
			shellPath = /bin/sh;
			shellScript = "\"$PODS_ROOT/R.swift/rswift\" generate \"$SRCROOT/R.generated.swift\"\n";
		};
/* End PBXShellScriptBuildPhase section */

/* Begin PBXSourcesBuildPhase section */
		D418BED9227634DC00F18239 /* Sources */ = {
			isa = PBXSourcesBuildPhase;
			buildActionMask = 2147483647;
			files = (
				D418BEE0227634DC00F18239 /* MemoTests.swift in Sources */,
			);
			runOnlyForDeploymentPostprocessing = 0;
		};
		F31BB5001F8485D1000261A1 /* Sources */ = {
			isa = PBXSourcesBuildPhase;
			buildActionMask = 2147483647;
			files = (
				F355AEB72030DC7E00CED9BE /* UIViewController+Keyboard.swift in Sources */,
				F3F10209205596360052701E /* DatePickerViewController.swift in Sources */,
				F355AEB92030DCD000CED9BE /* UIViewController+Alert.swift in Sources */,
				F34504E720D65D3C007479B8 /* Result.swift in Sources */,
				F343134520CF1AF900A3235B /* memo.xcdatamodeld in Sources */,
				F3C0C206214328CF00F7C344 /* R.generated.swift in Sources */,
				F3D34C322030C2EE0096D8AC /* MoodControl.swift in Sources */,
				F31BB5081F8485D1000261A1 /* AppDelegate.swift in Sources */,
				F36E96AA205C7442004AA16E /* NoteDetailsViewController.swift in Sources */,
				F3FF97581F848B0400350881 /* NotesListViewController.swift in Sources */,
				F34C4C0A205D553600470AFE /* CalendarViewController.swift in Sources */,
				F3C9BF692042EDA600D58192 /* Note.swift in Sources */,
				F3F10201205574430052701E /* AppFactory.swift in Sources */,
				F3C9BF632042ECD600D58192 /* NoteService.swift in Sources */,
				F31B6AB420D82A64004086AB /* SettingsViewController.swift in Sources */,
				F3FF975C1F848DF800350881 /* NoteTableViewCell.swift in Sources */,
				F34C4C08205D533400470AFE /* MainViewController.swift in Sources */,
				F3BBD3B8202E5C2C00E65BEF /* NoteEditingViewController.swift in Sources */,
				F3CBC6EB216A437900D7C7A5 /* MemoImage.swift in Sources */,
				F343134220CF18EF00A3235B /* CoreDataNotesStorage.swift in Sources */,
			);
			runOnlyForDeploymentPostprocessing = 0;
		};
/* End PBXSourcesBuildPhase section */

/* Begin PBXTargetDependency section */
		D418BEE3227634DC00F18239 /* PBXTargetDependency */ = {
			isa = PBXTargetDependency;
			target = F31BB5031F8485D1000261A1 /* memo */;
			targetProxy = D418BEE2227634DC00F18239 /* PBXContainerItemProxy */;
		};
/* End PBXTargetDependency section */

/* Begin PBXVariantGroup section */
		F31BB50B1F8485D1000261A1 /* Main.storyboard */ = {
			isa = PBXVariantGroup;
			children = (
				F31BB50C1F8485D1000261A1 /* Base */,
				F3294F3420D90962002EE9BD /* ru */,
			);
			name = Main.storyboard;
			sourceTree = "<group>";
		};
		F31BB5101F8485D1000261A1 /* LaunchScreen.storyboard */ = {
			isa = PBXVariantGroup;
			children = (
				F31BB5111F8485D1000261A1 /* Base */,
			);
			name = LaunchScreen.storyboard;
			sourceTree = "<group>";
		};
		F3294F3720D90A74002EE9BD /* Settings.storyboard */ = {
			isa = PBXVariantGroup;
			children = (
				F3294F3820D90A82002EE9BD /* Base */,
				F3294F3B20D951B0002EE9BD /* ru */,
			);
			name = Settings.storyboard;
			sourceTree = "<group>";
		};
		F36B2B7E20D7E9D3005C309D /* Localizable.strings */ = {
			isa = PBXVariantGroup;
			children = (
				F36B2B7F20D7E9D6005C309D /* ru */,
				F36B2B8020D7EA0D005C309D /* Base */,
			);
			name = Localizable.strings;
			sourceTree = "<group>";
		};
/* End PBXVariantGroup section */

/* Begin XCBuildConfiguration section */
		D418BEE5227634DC00F18239 /* Debug */ = {
			isa = XCBuildConfiguration;
			buildSettings = {
				BUNDLE_LOADER = "$(TEST_HOST)";
				CLANG_CXX_LANGUAGE_STANDARD = "gnu++14";
				CLANG_CXX_LIBRARY = "libc++";
				CLANG_ENABLE_MODULES = YES;
				CLANG_ENABLE_OBJC_ARC = YES;
				CLANG_ENABLE_OBJC_WEAK = YES;
				CODE_SIGN_STYLE = Automatic;
				COPY_PHASE_STRIP = NO;
				DEBUG_INFORMATION_FORMAT = dwarf;
				DEVELOPMENT_TEAM = 3UUNPVRU82;
				GCC_C_LANGUAGE_STANDARD = gnu11;
				GCC_DYNAMIC_NO_PIC = NO;
				INFOPLIST_FILE = "memo-tests/Info.plist";
				IPHONEOS_DEPLOYMENT_TARGET = 12.2;
				LD_RUNPATH_SEARCH_PATHS = (
					"$(inherited)",
					"@executable_path/Frameworks",
					"@loader_path/Frameworks",
				);
				MTL_ENABLE_DEBUG_INFO = INCLUDE_SOURCE;
				MTL_FAST_MATH = YES;
				PRODUCT_BUNDLE_IDENTIFIER = "com.legonaftik.memo-tests";
				PRODUCT_NAME = "$(TARGET_NAME)";
				TARGETED_DEVICE_FAMILY = "1,2";
				TEST_HOST = "$(BUILT_PRODUCTS_DIR)/memo.app/memo";
			};
			name = Debug;
		};
		D418BEE6227634DC00F18239 /* Release */ = {
			isa = XCBuildConfiguration;
			buildSettings = {
				BUNDLE_LOADER = "$(TEST_HOST)";
				CLANG_CXX_LANGUAGE_STANDARD = "gnu++14";
				CLANG_CXX_LIBRARY = "libc++";
				CLANG_ENABLE_MODULES = YES;
				CLANG_ENABLE_OBJC_ARC = YES;
				CLANG_ENABLE_OBJC_WEAK = YES;
				CODE_SIGN_STYLE = Automatic;
				COPY_PHASE_STRIP = NO;
				DEBUG_INFORMATION_FORMAT = "dwarf-with-dsym";
				DEVELOPMENT_TEAM = 3UUNPVRU82;
				GCC_C_LANGUAGE_STANDARD = gnu11;
				INFOPLIST_FILE = "memo-tests/Info.plist";
				IPHONEOS_DEPLOYMENT_TARGET = 12.2;
				LD_RUNPATH_SEARCH_PATHS = (
					"$(inherited)",
					"@executable_path/Frameworks",
					"@loader_path/Frameworks",
				);
				MTL_FAST_MATH = YES;
				PRODUCT_BUNDLE_IDENTIFIER = "com.legonaftik.memo-tests";
				PRODUCT_NAME = "$(TARGET_NAME)";
				TARGETED_DEVICE_FAMILY = "1,2";
				TEST_HOST = "$(BUILT_PRODUCTS_DIR)/memo.app/memo";
			};
			name = Release;
		};
		F31BB5141F8485D1000261A1 /* Debug */ = {
			isa = XCBuildConfiguration;
			buildSettings = {
				ALWAYS_SEARCH_USER_PATHS = NO;
				CLANG_ANALYZER_LOCALIZABILITY_NONLOCALIZED = YES;
				CLANG_ANALYZER_NONNULL = YES;
				CLANG_ANALYZER_NUMBER_OBJECT_CONVERSION = YES_AGGRESSIVE;
				CLANG_WARN_BLOCK_CAPTURE_AUTORELEASING = YES;
				CLANG_WARN_BOOL_CONVERSION = YES;
				CLANG_WARN_COMMA = YES;
				CLANG_WARN_CONSTANT_CONVERSION = YES;
				CLANG_WARN_DEPRECATED_OBJC_IMPLEMENTATIONS = YES;
				CLANG_WARN_DIRECT_OBJC_ISA_USAGE = YES_ERROR;
				CLANG_WARN_DOCUMENTATION_COMMENTS = YES;
				CLANG_WARN_EMPTY_BODY = YES;
				CLANG_WARN_ENUM_CONVERSION = YES;
				CLANG_WARN_INFINITE_RECURSION = YES;
				CLANG_WARN_INT_CONVERSION = YES;
				CLANG_WARN_NON_LITERAL_NULL_CONVERSION = YES;
				CLANG_WARN_OBJC_IMPLICIT_RETAIN_SELF = YES;
				CLANG_WARN_OBJC_LITERAL_CONVERSION = YES;
				CLANG_WARN_OBJC_ROOT_CLASS = YES_ERROR;
				CLANG_WARN_RANGE_LOOP_ANALYSIS = YES;
				CLANG_WARN_STRICT_PROTOTYPES = YES;
				CLANG_WARN_SUSPICIOUS_MOVE = YES;
				CLANG_WARN_UNGUARDED_AVAILABILITY = YES_AGGRESSIVE;
				CLANG_WARN_UNREACHABLE_CODE = YES;
				CLANG_WARN__DUPLICATE_METHOD_MATCH = YES;
				CODE_SIGN_IDENTITY = "iPhone Developer";
				ENABLE_STRICT_OBJC_MSGSEND = YES;
				ENABLE_TESTABILITY = YES;
				GCC_NO_COMMON_BLOCKS = YES;
				GCC_OPTIMIZATION_LEVEL = 0;
				GCC_PREPROCESSOR_DEFINITIONS = (
					"DEBUG=1",
					"$(inherited)",
				);
				GCC_WARN_64_TO_32_BIT_CONVERSION = YES;
				GCC_WARN_ABOUT_RETURN_TYPE = YES_ERROR;
				GCC_WARN_UNDECLARED_SELECTOR = YES;
				GCC_WARN_UNINITIALIZED_AUTOS = YES_AGGRESSIVE;
				GCC_WARN_UNUSED_FUNCTION = YES;
				GCC_WARN_UNUSED_VARIABLE = YES;
				IPHONEOS_DEPLOYMENT_TARGET = 13.2;
				MTL_ENABLE_DEBUG_INFO = YES;
				ONLY_ACTIVE_ARCH = YES;
				SDKROOT = iphoneos;
				SWIFT_ACTIVE_COMPILATION_CONDITIONS = DEBUG;
				SWIFT_OPTIMIZATION_LEVEL = "-Onone";
				SWIFT_VERSION = 5.0;
				TARGETED_DEVICE_FAMILY = "1,2";
			};
			name = Debug;
		};
		F31BB5151F8485D1000261A1 /* Release */ = {
			isa = XCBuildConfiguration;
			buildSettings = {
				ALWAYS_SEARCH_USER_PATHS = NO;
				CLANG_ANALYZER_LOCALIZABILITY_NONLOCALIZED = YES;
				CLANG_ANALYZER_NONNULL = YES;
				CLANG_ANALYZER_NUMBER_OBJECT_CONVERSION = YES_AGGRESSIVE;
				CLANG_WARN_BLOCK_CAPTURE_AUTORELEASING = YES;
				CLANG_WARN_BOOL_CONVERSION = YES;
				CLANG_WARN_COMMA = YES;
				CLANG_WARN_CONSTANT_CONVERSION = YES;
				CLANG_WARN_DEPRECATED_OBJC_IMPLEMENTATIONS = YES;
				CLANG_WARN_DIRECT_OBJC_ISA_USAGE = YES_ERROR;
				CLANG_WARN_DOCUMENTATION_COMMENTS = YES;
				CLANG_WARN_EMPTY_BODY = YES;
				CLANG_WARN_ENUM_CONVERSION = YES;
				CLANG_WARN_INFINITE_RECURSION = YES;
				CLANG_WARN_INT_CONVERSION = YES;
				CLANG_WARN_NON_LITERAL_NULL_CONVERSION = YES;
				CLANG_WARN_OBJC_IMPLICIT_RETAIN_SELF = YES;
				CLANG_WARN_OBJC_LITERAL_CONVERSION = YES;
				CLANG_WARN_OBJC_ROOT_CLASS = YES_ERROR;
				CLANG_WARN_RANGE_LOOP_ANALYSIS = YES;
				CLANG_WARN_STRICT_PROTOTYPES = YES;
				CLANG_WARN_SUSPICIOUS_MOVE = YES;
				CLANG_WARN_UNGUARDED_AVAILABILITY = YES_AGGRESSIVE;
				CLANG_WARN_UNREACHABLE_CODE = YES;
				CLANG_WARN__DUPLICATE_METHOD_MATCH = YES;
				CODE_SIGN_IDENTITY = "iPhone Developer";
				ENABLE_NS_ASSERTIONS = NO;
				ENABLE_STRICT_OBJC_MSGSEND = YES;
				GCC_NO_COMMON_BLOCKS = YES;
				GCC_WARN_64_TO_32_BIT_CONVERSION = YES;
				GCC_WARN_ABOUT_RETURN_TYPE = YES_ERROR;
				GCC_WARN_UNDECLARED_SELECTOR = YES;
				GCC_WARN_UNINITIALIZED_AUTOS = YES_AGGRESSIVE;
				GCC_WARN_UNUSED_FUNCTION = YES;
				GCC_WARN_UNUSED_VARIABLE = YES;
				IPHONEOS_DEPLOYMENT_TARGET = 13.2;
				MTL_ENABLE_DEBUG_INFO = NO;
				SDKROOT = iphoneos;
				SWIFT_COMPILATION_MODE = wholemodule;
				SWIFT_OPTIMIZATION_LEVEL = "-O";
				SWIFT_VERSION = 5.0;
				TARGETED_DEVICE_FAMILY = "1,2";
				VALIDATE_PRODUCT = YES;
			};
			name = Release;
		};
		F31BB5171F8485D1000261A1 /* Debug */ = {
			isa = XCBuildConfiguration;
			baseConfigurationReference = D540E3F02F5D7C23BA2731FE /* Pods-memo.debug.xcconfig */;
			buildSettings = {
				ASSETCATALOG_COMPILER_APPICON_NAME = AppIcon;
				CLANG_ENABLE_OBJC_WEAK = YES;
				CODE_SIGN_IDENTITY = "iPhone Developer";
				CODE_SIGN_STYLE = Automatic;
				CURRENT_PROJECT_VERSION = 7;
				DEVELOPMENT_TEAM = 3UUNPVRU82;
				INFOPLIST_FILE = "$(SRCROOT)/memo/Info.plist";
				LD_RUNPATH_SEARCH_PATHS = (
					"$(inherited)",
					"@executable_path/Frameworks",
				);
				PRODUCT_BUNDLE_IDENTIFIER = com.legonaftik.memo.ios;
				PRODUCT_NAME = "$(TARGET_NAME)";
				PROVISIONING_PROFILE_SPECIFIER = "";
				VERSIONING_SYSTEM = "apple-generic";
			};
			name = Debug;
		};
		F31BB5181F8485D1000261A1 /* Release */ = {
			isa = XCBuildConfiguration;
			baseConfigurationReference = A279F1E49DBC1C8D40FDCB8C /* Pods-memo.release.xcconfig */;
			buildSettings = {
				ASSETCATALOG_COMPILER_APPICON_NAME = AppIcon;
				CLANG_ENABLE_OBJC_WEAK = YES;
				CODE_SIGN_IDENTITY = "iPhone Developer";
				CODE_SIGN_STYLE = Automatic;
				CURRENT_PROJECT_VERSION = 7;
				DEVELOPMENT_TEAM = 3UUNPVRU82;
				INFOPLIST_FILE = "$(SRCROOT)/memo/Info.plist";
				LD_RUNPATH_SEARCH_PATHS = (
					"$(inherited)",
					"@executable_path/Frameworks",
				);
				PRODUCT_BUNDLE_IDENTIFIER = com.legonaftik.memo.ios;
				PRODUCT_NAME = "$(TARGET_NAME)";
				PROVISIONING_PROFILE_SPECIFIER = "";
				VERSIONING_SYSTEM = "apple-generic";
			};
			name = Release;
		};
/* End XCBuildConfiguration section */

/* Begin XCConfigurationList section */
		D418BEE4227634DC00F18239 /* Build configuration list for PBXNativeTarget "memo-tests" */ = {
			isa = XCConfigurationList;
			buildConfigurations = (
				D418BEE5227634DC00F18239 /* Debug */,
				D418BEE6227634DC00F18239 /* Release */,
			);
			defaultConfigurationIsVisible = 0;
			defaultConfigurationName = Release;
		};
		F31BB4FF1F8485D1000261A1 /* Build configuration list for PBXProject "memo" */ = {
			isa = XCConfigurationList;
			buildConfigurations = (
				F31BB5141F8485D1000261A1 /* Debug */,
				F31BB5151F8485D1000261A1 /* Release */,
			);
			defaultConfigurationIsVisible = 0;
			defaultConfigurationName = Release;
		};
		F31BB5161F8485D1000261A1 /* Build configuration list for PBXNativeTarget "memo" */ = {
			isa = XCConfigurationList;
			buildConfigurations = (
				F31BB5171F8485D1000261A1 /* Debug */,
				F31BB5181F8485D1000261A1 /* Release */,
			);
			defaultConfigurationIsVisible = 0;
			defaultConfigurationName = Release;
		};
/* End XCConfigurationList section */

/* Begin XCVersionGroup section */
		F343134320CF1AF900A3235B /* memo.xcdatamodeld */ = {
			isa = XCVersionGroup;
			children = (
				F343134420CF1AF900A3235B /* memo.xcdatamodel */,
			);
			currentVersion = F343134420CF1AF900A3235B /* memo.xcdatamodel */;
			path = memo.xcdatamodeld;
			sourceTree = "<group>";
			versionGroupType = wrapper.xcdatamodel;
		};
/* End XCVersionGroup section */
	};
	rootObject = F31BB4FC1F8485D1000261A1 /* Project object */;
}
